
Microsoft Visual Studio Solution File, Format Version 12.00
# Visual Studio Version 16
VisualStudioVersion = 16.0.30309.148
MinimumVisualStudioVersion = 10.0.40219.1
Project("{FAE04EC0-301F-11D3-BF4B-00C04F79EFBC}") = "AHBC_Lab11", "AHBC_Lab11\AHBC_Lab11.csproj", "{DD0FE781-8862-4E23-9D1B-7CEE6DD8894B}"
EndProject
Global
	GlobalSection(SolutionConfigurationPlatforms) = preSolution
		Debug|Any CPU = Debug|Any CPU
		Release|Any CPU = Release|Any CPU
	EndGlobalSection
	GlobalSection(ProjectConfigurationPlatforms) = postSolution
		{DD0FE781-8862-4E23-9D1B-7CEE6DD8894B}.Debug|Any CPU.ActiveCfg = Debug|Any CPU
		{DD0FE781-8862-4E23-9D1B-7CEE6DD8894B}.Debug|Any CPU.Build.0 = Debug|Any CPU
		{DD0FE781-8862-4E23-9D1B-7CEE6DD8894B}.Release|Any CPU.ActiveCfg = Release|Any CPU
		{DD0FE781-8862-4E23-9D1B-7CEE6DD8894B}.Release|Any CPU.Build.0 = Release|Any CPU
	EndGlobalSection
	GlobalSection(SolutionProperties) = preSolution
		HideSolutionNode = FALSE
	EndGlobalSection
	GlobalSection(ExtensibilityGlobals) = postSolution
		SolutionGuid = {65FACE0B-E75E-4713-9704-125D99A94A80}
	EndGlobalSection
EndGlobal
